
Microsoft Visual Studio Solution File, Format Version 12.00
# Visual Studio 2013
VisualStudioVersion = 12.0.21005.1
MinimumVisualStudioVersion = 10.0.40219.1
Project("{8BC9CEB8-8B4A-11D0-8D11-00A0C91BC942}") = "rpmain", "rpmain\rpmain.vcxproj", "{90174454-21F9-4689-A843-929A84444DF9}"
	ProjectSection(ProjectDependencies) = postProject
		{FE57E00D-D679-4DE9-B97B-955A9CD7E751} = {FE57E00D-D679-4DE9-B97B-955A9CD7E751}
		{68183719-9F2E-4358-A413-8ED62028899E} = {68183719-9F2E-4358-A413-8ED62028899E}
		{40598327-D606-4A4C-A1B9-A9032051FF07} = {40598327-D606-4A4C-A1B9-A9032051FF07}
		{66122753-5E13-4D2E-B970-53CD0BF0792F} = {66122753-5E13-4D2E-B970-53CD0BF0792F}
		{871EA28A-8615-4691-AA01-78538D650EB9} = {871EA28A-8615-4691-AA01-78538D650EB9}
		{7345598E-CC59-40B7-8EB2-F2E316338F4F} = {7345598E-CC59-40B7-8EB2-F2E316338F4F}
		{C63A6DA2-3C88-45E3-BC16-95EDB186F343} = {C63A6DA2-3C88-45E3-BC16-95EDB186F343}
	EndProjectSection
EndProject
Project("{8BC9CEB8-8B4A-11D0-8D11-00A0C91BC942}") = "rp", "rp\rp.vcxproj", "{68183719-9F2E-4358-A413-8ED62028899E}"
EndProject
Project("{8BC9CEB8-8B4A-11D0-8D11-00A0C91BC942}") = "DataProvider", "DataProvider\DataProvider.vcxproj", "{40598327-D606-4A4C-A1B9-A9032051FF07}"
EndProject
Project("{8BC9CEB8-8B4A-11D0-8D11-00A0C91BC942}") = "CommFunc", "CommonLib\CommonFunc\src\CommFunc.vcxproj", "{FE57E00D-D679-4DE9-B97B-955A9CD7E751}"
EndProject
Project("{8BC9CEB8-8B4A-11D0-8D11-00A0C91BC942}") = "SL_DAL", "D:\proj_20_NDS\ZhaoyiWei\ZNavi_For_WangLin\Generated\SL_DAL\src\SL_DAL.vcxproj", "{871EA28A-8615-4691-AA01-78538D650EB9}"
EndProject
Project("{8BC9CEB8-8B4A-11D0-8D11-00A0C91BC942}") = "IOLibUPD", "Generated\IOLibs\src\UPD\IOLibUPD.vcxproj", "{7345598E-CC59-40B7-8EB2-F2E316338F4F}"
EndProject
Project("{8BC9CEB8-8B4A-11D0-8D11-00A0C91BC942}") = "OSWrapper", "Platform\OSWrapper\src\OSWrapper.vcxproj", "{FFD786A3-AC3D-4AC5-A4A2-E301D253DE9D}"
EndProject
Project("{2150E333-8FDC-42A3-9474-1A3956D46DE8}") = "Solution Items", "Solution Items", "{13A1B1F0-9563-4531-A094-0EA3864E23C2}"
EndProject
Project("{8BC9CEB8-8B4A-11D0-8D11-00A0C91BC942}") = "ErrLog", "Platform\ErrLog\src\ErrLog.vcxproj", "{8D891031-CD9D-45CD-B286-EFBAD3D95636}"
EndProject
Project("{8BC9CEB8-8B4A-11D0-8D11-00A0C91BC942}") = "IOLibCommon", "Generated\IOLibs\src\IOLibCommon\IOLibCommon.vcxproj", "{66122753-5E13-4D2E-B970-53CD0BF0792F}"
EndProject
Project("{8BC9CEB8-8B4A-11D0-8D11-00A0C91BC942}") = "IOLibNDS", "Generated\IOLibs\src\NDS\IOLibNDS.vcxproj", "{C63A6DA2-3C88-45E3-BC16-95EDB186F343}"
EndProject
Global
	GlobalSection(SolutionConfigurationPlatforms) = preSolution
		Debug|Win32 = Debug|Win32
		Release|Win32 = Release|Win32
	EndGlobalSection
	GlobalSection(ProjectConfigurationPlatforms) = postSolution
		{90174454-21F9-4689-A843-929A84444DF9}.Debug|Win32.ActiveCfg = Debug|Win32
		{90174454-21F9-4689-A843-929A84444DF9}.Debug|Win32.Build.0 = Debug|Win32
		{90174454-21F9-4689-A843-929A84444DF9}.Release|Win32.ActiveCfg = Release|Win32
		{90174454-21F9-4689-A843-929A84444DF9}.Release|Win32.Build.0 = Release|Win32
		{68183719-9F2E-4358-A413-8ED62028899E}.Debug|Win32.ActiveCfg = Debug|Win32
		{68183719-9F2E-4358-A413-8ED62028899E}.Debug|Win32.Build.0 = Debug|Win32
		{68183719-9F2E-4358-A413-8ED62028899E}.Release|Win32.ActiveCfg = Release|Win32
		{68183719-9F2E-4358-A413-8ED62028899E}.Release|Win32.Build.0 = Release|Win32
		{40598327-D606-4A4C-A1B9-A9032051FF07}.Debug|Win32.ActiveCfg = Debug|Win32
		{40598327-D606-4A4C-A1B9-A9032051FF07}.Debug|Win32.Build.0 = Debug|Win32
		{40598327-D606-4A4C-A1B9-A9032051FF07}.Release|Win32.ActiveCfg = Release|Win32
		{40598327-D606-4A4C-A1B9-A9032051FF07}.Release|Win32.Build.0 = Release|Win32
		{FE57E00D-D679-4DE9-B97B-955A9CD7E751}.Debug|Win32.ActiveCfg = Debug|Win32
		{FE57E00D-D679-4DE9-B97B-955A9CD7E751}.Debug|Win32.Build.0 = Debug|Win32
		{FE57E00D-D679-4DE9-B97B-955A9CD7E751}.Release|Win32.ActiveCfg = Release|Win32
		{FE57E00D-D679-4DE9-B97B-955A9CD7E751}.Release|Win32.Build.0 = Release|Win32
		{871EA28A-8615-4691-AA01-78538D650EB9}.Debug|Win32.ActiveCfg = Debug|Win32
		{871EA28A-8615-4691-AA01-78538D650EB9}.Debug|Win32.Build.0 = Debug|Win32
		{871EA28A-8615-4691-AA01-78538D650EB9}.Release|Win32.ActiveCfg = Release|Win32
		{871EA28A-8615-4691-AA01-78538D650EB9}.Release|Win32.Build.0 = Release|Win32
		{7345598E-CC59-40B7-8EB2-F2E316338F4F}.Debug|Win32.ActiveCfg = Debug|Win32
		{7345598E-CC59-40B7-8EB2-F2E316338F4F}.Debug|Win32.Build.0 = Debug|Win32
		{7345598E-CC59-40B7-8EB2-F2E316338F4F}.Release|Win32.ActiveCfg = Release|Win32
		{7345598E-CC59-40B7-8EB2-F2E316338F4F}.Release|Win32.Build.0 = Release|Win32
		{FFD786A3-AC3D-4AC5-A4A2-E301D253DE9D}.Debug|Win32.ActiveCfg = Debug|Win32
		{FFD786A3-AC3D-4AC5-A4A2-E301D253DE9D}.Debug|Win32.Build.0 = Debug|Win32
		{FFD786A3-AC3D-4AC5-A4A2-E301D253DE9D}.Release|Win32.ActiveCfg = Release|Win32
		{FFD786A3-AC3D-4AC5-A4A2-E301D253DE9D}.Release|Win32.Build.0 = Release|Win32
		{8D891031-CD9D-45CD-B286-EFBAD3D95636}.Debug|Win32.ActiveCfg = Debug|Win32
		{8D891031-CD9D-45CD-B286-EFBAD3D95636}.Debug|Win32.Build.0 = Debug|Win32
		{8D891031-CD9D-45CD-B286-EFBAD3D95636}.Release|Win32.ActiveCfg = Release|Win32
		{8D891031-CD9D-45CD-B286-EFBAD3D95636}.Release|Win32.Build.0 = Release|Win32
		{66122753-5E13-4D2E-B970-53CD0BF0792F}.Debug|Win32.ActiveCfg = Debug|Win32
		{66122753-5E13-4D2E-B970-53CD0BF0792F}.Debug|Win32.Build.0 = Debug|Win32
		{66122753-5E13-4D2E-B970-53CD0BF0792F}.Release|Win32.ActiveCfg = Release|Win32
		{66122753-5E13-4D2E-B970-53CD0BF0792F}.Release|Win32.Build.0 = Release|Win32
		{C63A6DA2-3C88-45E3-BC16-95EDB186F343}.Debug|Win32.ActiveCfg = Debug|Win32
		{C63A6DA2-3C88-45E3-BC16-95EDB186F343}.Debug|Win32.Build.0 = Debug|Win32
		{C63A6DA2-3C88-45E3-BC16-95EDB186F343}.Release|Win32.ActiveCfg = Release|Win32
		{C63A6DA2-3C88-45E3-BC16-95EDB186F343}.Release|Win32.Build.0 = Release|Win32
	EndGlobalSection
	GlobalSection(SolutionProperties) = preSolution
		HideSolutionNode = FALSE
	EndGlobalSection
EndGlobal
