<?xml version="1.0" encoding="utf-8"?>
<Project ToolsVersion="4.0" xmlns="http://schemas.microsoft.com/developer/msbuild/2003">
  <ItemGroup>
    <Filter Include="Source Files">
      <UniqueIdentifier>{4FC737F1-C7A5-4376-A066-2A32D752A2FF}</UniqueIdentifier>
      <Extensions>cpp;c;cc;cxx;def;odl;idl;hpj;bat;asm;asmx</Extensions>
    </Filter>
    <Filter Include="Header Files">
      <UniqueIdentifier>{93995380-89BD-4b04-88EB-625FBE52EBFB}</UniqueIdentifier>
      <Extensions>h;hh;hpp;hxx;hm;inl;inc;xsd</Extensions>
    </Filter>
    <Filter Include="Resource Files">
      <UniqueIdentifier>{67DA6AB6-F800-4c08-8B7A-83BB121AAD01}</UniqueIdentifier>
      <Extensions>rc;ico;cur;bmp;dlg;rc2;rct;bin;rgs;gif;jpg;jpeg;jpe;resx;tiff;tif;png;wav;mfcribbon-ms</Extensions>
    </Filter>
  </ItemGroup>
  <ItemGroup>
    <Text Include="ReadMe.txt" />
  </ItemGroup>
  <ItemGroup>
    <ClInclude Include="src\InnerCommon.hpp">
      <Filter>Header Files</Filter>
    </ClInclude>
    <ClInclude Include="src\RPRCConnectSearch.hpp">
      <Filter>Header Files</Filter>
    </ClInclude>
    <ClInclude Include="src\RPRCRouteEdit.hpp">
      <Filter>Header Files</Filter>
    </ClInclude>
    <ClInclude Include="src\RPRCSectionDirector.hpp">
      <Filter>Header Files</Filter>
    </ClInclude>
    <ClInclude Include="src\RPRCTermSearch.hpp">
      <Filter>Header Files</Filter>
    </ClInclude>
    <ClInclude Include="src\RPRouteCalcRequest.hpp">
      <Filter>Header Files</Filter>
    </ClInclude>
    <ClInclude Include="src\RouteCalculator\RPRCRouteCalcCommon.hpp">
      <Filter>Header Files</Filter>
    </ClInclude>
    <ClInclude Include="include\RPCommon.hpp">
      <Filter>Header Files</Filter>
    </ClInclude>
    <ClInclude Include="src\RouteCalculator\RPRCCost.hpp">
      <Filter>Header Files</Filter>
    </ClInclude>
    <ClInclude Include="include\RPRSLink.hpp">
      <Filter>Header Files</Filter>
    </ClInclude>
    <ClInclude Include="src\RPRCUpSearch.hpp">
      <Filter>Header Files</Filter>
    </ClInclude>
    <ClInclude Include="src\RouteCalculator\RPRCRouteSearchCommFunc.hpp">
      <Filter>Header Files</Filter>
    </ClInclude>
    <ClInclude Include="include\RPSection.hpp">
      <Filter>Header Files</Filter>
    </ClInclude>
    <ClInclude Include="include\RPWayPoints.hpp">
      <Filter>Header Files</Filter>
    </ClInclude>
    <ClInclude Include="..\RouteSession.hpp">
      <Filter>Header Files</Filter>
    </ClInclude>
  </ItemGroup>
  <ItemGroup>
    <ClCompile Include="src\RouteSession.cpp">
      <Filter>Source Files</Filter>
    </ClCompile>
    <ClCompile Include="src\RPRCConnectSearch.cpp">
      <Filter>Source Files</Filter>
    </ClCompile>
    <ClCompile Include="src\RPRCRouteEdit.cpp">
      <Filter>Source Files</Filter>
    </ClCompile>
    <ClCompile Include="src\RPRCSectionDirector.cpp">
      <Filter>Source Files</Filter>
    </ClCompile>
    <ClCompile Include="src\RPRCTermSearch.cpp">
      <Filter>Source Files</Filter>
    </ClCompile>
    <ClCompile Include="src\RPRCUpSearch.cpp">
      <Filter>Source Files</Filter>
    </ClCompile>
    <ClCompile Include="src\RPRouteCalcRequest.cpp">
      <Filter>Source Files</Filter>
    </ClCompile>
    <ClCompile Include="src\RouteCalculator\RPRCRouteCalcCommon.cpp">
      <Filter>Source Files</Filter>
    </ClCompile>
    <ClCompile Include="src\RouteCalculator\RPRCCost.cpp">
      <Filter>Source Files</Filter>
    </ClCompile>
    <ClCompile Include="src\route\RPRSLink.cpp">
      <Filter>Source Files</Filter>
    </ClCompile>
    <ClCompile Include="src\RouteCalculator\RPRCRouteSearchCommFunc.cpp">
      <Filter>Source Files</Filter>
    </ClCompile>
    <ClCompile Include="src\route\RPSection.cpp">
      <Filter>Source Files</Filter>
    </ClCompile>
    <ClCompile Include="src\RPWayPoints.cpp">
      <Filter>Source Files</Filter>
    </ClCompile>
  </ItemGroup>
</Project>