<?xml version="1.0" encoding="utf-8"?>
<Project ToolsVersion="4.0" xmlns="http://schemas.microsoft.com/developer/msbuild/2003">
  <ItemGroup>
    <Filter Include="Source Files">
      <UniqueIdentifier>{4FC737F1-C7A5-4376-A066-2A32D752A2FF}</UniqueIdentifier>
      <Extensions>cpp;c;cc;cxx;def;odl;idl;hpj;bat;asm;asmx</Extensions>
    </Filter>
    <Filter Include="Header Files">
      <UniqueIdentifier>{93995380-89BD-4b04-88EB-625FBE52EBFB}</UniqueIdentifier>
      <Extensions>h;hh;hpp;hxx;hm;inl;inc;xsd</Extensions>
    </Filter>
    <Filter Include="Resource Files">
      <UniqueIdentifier>{67DA6AB6-F800-4c08-8B7A-83BB121AAD01}</UniqueIdentifier>
      <Extensions>rc;ico;cur;bmp;dlg;rc2;rct;bin;rgs;gif;jpg;jpeg;jpe;resx;tiff;tif;png;wav;mfcribbon-ms</Extensions>
    </Filter>
  </ItemGroup>
  <ItemGroup>
    <Text Include="ReadMe.txt" />
  </ItemGroup>
  <ItemGroup>
    <ClInclude Include="include\DPCommon.hpp">
      <Filter>Header Files</Filter>
    </ClInclude>
    <ClInclude Include="include\DPData.hpp">
      <Filter>Header Files</Filter>
    </ClInclude>
    <ClInclude Include="include\DPDataProduct.hpp">
      <Filter>Header Files</Filter>
    </ClInclude>
    <ClInclude Include="include\DPFacade.hpp">
      <Filter>Header Files</Filter>
    </ClInclude>
    <ClInclude Include="src\DPDBConnectionPool.hpp">
      <Filter>Header Files</Filter>
    </ClInclude>
    <ClInclude Include="src\DPProvFolderProduct.hpp">
      <Filter>Header Files</Filter>
    </ClInclude>
    <ClInclude Include="src\DPProvFolderRoot.hpp">
      <Filter>Header Files</Filter>
    </ClInclude>
    <ClInclude Include="src\DPProvProduct.hpp">
      <Filter>Header Files</Filter>
    </ClInclude>
    <ClInclude Include="src\InnerCommon.hpp">
      <Filter>Header Files</Filter>
    </ClInclude>
    <ClInclude Include="include\DPHeaderAll.hpp">
      <Filter>Header Files</Filter>
    </ClInclude>
    <ClInclude Include="include\DPProv.hpp">
      <Filter>Header Files</Filter>
    </ClInclude>
    <ClInclude Include="include\DPProvRoot.hpp">
      <Filter>Header Files</Filter>
    </ClInclude>
    <ClInclude Include="src\DPProvFolderUpdateRegion.hpp">
      <Filter>Header Files</Filter>
    </ClInclude>
    <ClInclude Include="src\DPProvShared.hpp">
      <Filter>Header Files</Filter>
    </ClInclude>
    <ClInclude Include="include\DPDataShared.hpp">
      <Filter>Header Files</Filter>
    </ClInclude>
    <ClInclude Include="include\DPDataRouting.hpp">
      <Filter>Header Files</Filter>
    </ClInclude>
    <ClInclude Include="src\DPProvRouting.hpp">
      <Filter>Header Files</Filter>
    </ClInclude>
    <ClInclude Include="include\DPNDSTypeDef.h">
      <Filter>Header Files</Filter>
    </ClInclude>
  </ItemGroup>
  <ItemGroup>
    <ClCompile Include="src\DPCommon.cpp">
      <Filter>Source Files</Filter>
    </ClCompile>
    <ClCompile Include="src\DPDBConnectionPool.cpp">
      <Filter>Source Files</Filter>
    </ClCompile>
    <ClCompile Include="src\DPFacade.cpp">
      <Filter>Source Files</Filter>
    </ClCompile>
    <ClCompile Include="src\DPProvFolderProduct.cpp">
      <Filter>Source Files</Filter>
    </ClCompile>
    <ClCompile Include="src\DPProvFolderRoot.cpp">
      <Filter>Source Files</Filter>
    </ClCompile>
    <ClCompile Include="src\DPProvProduct.cpp">
      <Filter>Source Files</Filter>
    </ClCompile>
    <ClCompile Include="src\DPProv.cpp">
      <Filter>Source Files</Filter>
    </ClCompile>
    <ClCompile Include="src\DPProvRoot.cpp">
      <Filter>Source Files</Filter>
    </ClCompile>
    <ClCompile Include="src\DPProvFolderUpdateRegion.cpp">
      <Filter>Source Files</Filter>
    </ClCompile>
    <ClCompile Include="src\DPProvShared.cpp">
      <Filter>Source Files</Filter>
    </ClCompile>
    <ClCompile Include="src\DPProvRouting.cpp">
      <Filter>Source Files</Filter>
    </ClCompile>
  </ItemGroup>
</Project>